
Microsoft Visual Studio Solution File, Format Version 12.00
# Visual Studio Version 16
VisualStudioVersion = 16.0.31910.168
MinimumVisualStudioVersion = 10.0.40219.1
Project("{FAE04EC0-301F-11D3-BF4B-00C04F79EFBC}") = "AdventOfCode", "AdventOfCode\AdventOfCode.csproj", "{BA3B0F87-7019-44F6-9BE7-F006C22C0B44}"
EndProject
Global
	GlobalSection(SolutionConfigurationPlatforms) = preSolution
		Debug|Any CPU = Debug|Any CPU
		Release|Any CPU = Release|Any CPU
	EndGlobalSection
	GlobalSection(ProjectConfigurationPlatforms) = postSolution
		{BA3B0F87-7019-44F6-9BE7-F006C22C0B44}.Debug|Any CPU.ActiveCfg = Debug|Any CPU
		{BA3B0F87-7019-44F6-9BE7-F006C22C0B44}.Debug|Any CPU.Build.0 = Debug|Any CPU
		{BA3B0F87-7019-44F6-9BE7-F006C22C0B44}.Release|Any CPU.ActiveCfg = Release|Any CPU
		{BA3B0F87-7019-44F6-9BE7-F006C22C0B44}.Release|Any CPU.Build.0 = Release|Any CPU
	EndGlobalSection
	GlobalSection(SolutionProperties) = preSolution
		HideSolutionNode = FALSE
	EndGlobalSection
	GlobalSection(ExtensibilityGlobals) = postSolution
		SolutionGuid = {6BF2111A-3A64-4CE6-8C00-96F5B5245971}
	EndGlobalSection
EndGlobal
